
Microsoft Visual Studio Solution File, Format Version 12.00
# Visual Studio Version 16
VisualStudioVersion = 16.0.30717.126
MinimumVisualStudioVersion = 10.0.40219.1
Project("{FAE04EC0-301F-11D3-BF4B-00C04F79EFBC}") = "ProductVendingMachine", "ProductVendingMachine.csproj", "{047B8560-8A48-4258-BC12-7AB760B7D53E}"
EndProject
Global
	GlobalSection(SolutionConfigurationPlatforms) = preSolution
		Debug|Any CPU = Debug|Any CPU
		Release|Any CPU = Release|Any CPU
	EndGlobalSection
	GlobalSection(ProjectConfigurationPlatforms) = postSolution
		{047B8560-8A48-4258-BC12-7AB760B7D53E}.Debug|Any CPU.ActiveCfg = Debug|Any CPU
		{047B8560-8A48-4258-BC12-7AB760B7D53E}.Debug|Any CPU.Build.0 = Debug|Any CPU
		{047B8560-8A48-4258-BC12-7AB760B7D53E}.Release|Any CPU.ActiveCfg = Release|Any CPU
		{047B8560-8A48-4258-BC12-7AB760B7D53E}.Release|Any CPU.Build.0 = Release|Any CPU
	EndGlobalSection
	GlobalSection(SolutionProperties) = preSolution
		HideSolutionNode = FALSE
	EndGlobalSection
	GlobalSection(ExtensibilityGlobals) = postSolution
		SolutionGuid = {61240E99-3922-441B-B3D6-7C46307F1C5F}
	EndGlobalSection
EndGlobal
